// !$*UTF8*$!
{
	archiveVersion = 1;
	classes = {
	};
	objectVersion = 77;
	objects = {

/* Begin PBXContainerItemProxy section */
		77E9A41E2F0FFEDB009E5B2F /* PBXContainerItemProxy */ = {
			isa = PBXContainerItemProxy;
			containerPortal = 77E9A4082F0FFED9009E5B2F /* Project object */;
			proxyType = 1;
			remoteGlobalIDString = 77E9A40F2F0FFED9009E5B2F;
			remoteInfo = "Auri's Journey";
		};
		77E9A4282F0FFEDB009E5B2F /* PBXContainerItemProxy */ = {
			isa = PBXContainerItemProxy;
			containerPortal = 77E9A4082F0FFED9009E5B2F /* Project object */;
			proxyType = 1;
			remoteGlobalIDString = 77E9A40F2F0FFED9009E5B2F;
			remoteInfo = "Auri's Journey";
		};
/* End PBXContainerItemProxy section */

/* Begin PBXFileReference section */
		77E9A4102F0FFED9009E5B2F /* Auri's Journey.app */ = {isa = PBXFileReference; explicitFileType = wrapper.application; includeInIndex = 0; path = "Auri's Journey.app"; sourceTree = BUILT_PRODUCTS_DIR; };
		77E9A41D2F0FFEDB009E5B2F /* Auri's JourneyTests.xctest */ = {isa = PBXFileReference; explicitFileType = wrapper.cfbundle; includeInIndex = 0; path = "Auri's JourneyTests.xctest"; sourceTree = BUILT_PRODUCTS_DIR; };
		77E9A4272F0FFEDB009E5B2F /* Auri's JourneyUITests.xctest */ = {isa = PBXFileReference; explicitFileType = wrapper.cfbundle; includeInIndex = 0; path = "Auri's JourneyUITests.xctest"; sourceTree = BUILT_PRODUCTS_DIR; };
/* End PBXFileReference section */

/* Begin PBXFileSystemSynchronizedRootGroup section */
		77E9A4122F0FFED9009E5B2F /* Auri's Journey */ = {
			isa = PBXFileSystemSynchronizedRootGroup;
			path = "Auri's Journey";
			sourceTree = "<group>";
		};
		77E9A4202F0FFEDB009E5B2F /* Auri's JourneyTests */ = {
			isa = PBXFileSystemSynchronizedRootGroup;
			path = "Auri's JourneyTests";
			sourceTree = "<group>";
		};
		77E9A42A2F0FFEDB009E5B2F /* Auri's JourneyUITests */ = {
			isa = PBXFileSystemSynchronizedRootGroup;
			path = "Auri's JourneyUITests";
			sourceTree = "<group>";
		};
/* End PBXFileSystemSynchronizedRootGroup section */

/* Begin PBXFrameworksBuildPhase section */
		77E9A40D2F0FFED9009E5B2F /* Frameworks */ = {
			isa = PBXFrameworksBuildPhase;
			buildActionMask = 2147483647;
			files = (
			);
			runOnlyForDeploymentPostprocessing = 0;
		};
		77E9A41A2F0FFEDB009E5B2F /* Frameworks */ = {
			isa = PBXFrameworksBuildPhase;
			buildActionMask = 2147483647;
			files = (
			);
			runOnlyForDeploymentPostprocessing = 0;
		};
		77E9A4242F0FFEDB009E5B2F /* Frameworks */ = {
			isa = PBXFrameworksBuildPhase;
			buildActionMask = 2147483647;
			files = (
			);
			runOnlyForDeploymentPostprocessing = 0;
		};
/* End PBXFrameworksBuildPhase section */

/* Begin PBXGroup section */
		77E9A4072F0FFED9009E5B2F = {
			isa = PBXGroup;
			children = (
				77E9A4122F0FFED9009E5B2F /* Auri's Journey */,
				77E9A4202F0FFEDB009E5B2F /* Auri's JourneyTests */,
				77E9A42A2F0FFEDB009E5B2F /* Auri's JourneyUITests */,
				77E9A4112F0FFED9009E5B2F /* Products */,
			);
			sourceTree = "<group>";
		};
		77E9A4112F0FFED9009E5B2F /* Products */ = {
			isa = PBXGroup;
			children = (
				77E9A4102F0FFED9009E5B2F /* Auri's Journey.app */,
				77E9A41D2F0FFEDB009E5B2F /* Auri's JourneyTests.xctest */,
				77E9A4272F0FFEDB009E5B2F /* Auri's JourneyUITests.xctest */,
			);
			name = Products;
			sourceTree = "<group>";
		};
/* End PBXGroup section */

/* Begin PBXNativeTarget section */
		77E9A40F2F0FFED9009E5B2F /* Auri's Journey */ = {
			isa = PBXNativeTarget;
			buildConfigurationList = 77E9A4312F0FFEDB009E5B2F /* Build configuration list for PBXNativeTarget "Auri's Journey" */;
			buildPhases = (
				77E9A40C2F0FFED9009E5B2F /* Sources */,
				77E9A40D2F0FFED9009E5B2F /* Frameworks */,
				77E9A40E2F0FFED9009E5B2F /* Resources */,
			);
			buildRules = (
			);
			dependencies = (
			);
			fileSystemSynchronizedGroups = (
				77E9A4122F0FFED9009E5B2F /* Auri's Journey */,
			);
			name = "Auri's Journey";
			packageProductDependencies = (
			);
			productName = "Auri's Journey";
			productReference = 77E9A4102F0FFED9009E5B2F /* Auri's Journey.app */;
			productType = "com.apple.product-type.application";
		};
		77E9A41C2F0FFEDB009E5B2F /* Auri's JourneyTests */ = {
			isa = PBXNativeTarget;
			buildConfigurationList = 77E9A4342F0FFEDB009E5B2F /* Build configuration list for PBXNativeTarget "Auri's JourneyTests" */;
			buildPhases = (
				77E9A4192F0FFEDB009E5B2F /* Sources */,
				77E9A41A2F0FFEDB009E5B2F /* Frameworks */,
				77E9A41B2F0FFEDB009E5B2F /* Resources */,
			);
			buildRules = (
			);
			dependencies = (
				77E9A41F2F0FFEDB009E5B2F /* PBXTargetDependency */,
			);
			fileSystemSynchronizedGroups = (
				77E9A4202F0FFEDB009E5B2F /* Auri's JourneyTests */,
			);
			name = "Auri's JourneyTests";
			packageProductDependencies = (
			);
			productName = "Auri's JourneyTests";
			productReference = 77E9A41D2F0FFEDB009E5B2F /* Auri's JourneyTests.xctest */;
			productType = "com.apple.product-type.bundle.unit-test";
		};
		77E9A4262F0FFEDB009E5B2F /* Auri's JourneyUITests */ = {
			isa = PBXNativeTarget;
			buildConfigurationList = 77E9A4372F0FFEDB009E5B2F /* Build configuration list for PBXNativeTarget "Auri's JourneyUITests" */;
			buildPhases = (
				77E9A4232F0FFEDB009E5B2F /* Sources */,
				77E9A4242F0FFEDB009E5B2F /* Frameworks */,
				77E9A4252F0FFEDB009E5B2F /* Resources */,
			);
			buildRules = (
			);
			dependencies = (
				77E9A4292F0FFEDB009E5B2F /* PBXTargetDependency */,
			);
			fileSystemSynchronizedGroups = (
				77E9A42A2F0FFEDB009E5B2F /* Auri's JourneyUITests */,
			);
			name = "Auri's JourneyUITests";
			packageProductDependencies = (
			);
			productName = "Auri's JourneyUITests";
			productReference = 77E9A4272F0FFEDB009E5B2F /* Auri's JourneyUITests.xctest */;
			productType = "com.apple.product-type.bundle.ui-testing";
		};
/* End PBXNativeTarget section */

/* Begin PBXProject section */
		77E9A4082F0FFED9009E5B2F /* Project object */ = {
			isa = PBXProject;
			attributes = {
				BuildIndependentTargetsInParallel = 1;
				LastSwiftUpdateCheck = 2620;
				LastUpgradeCheck = 2620;
				TargetAttributes = {
					77E9A40F2F0FFED9009E5B2F = {
						CreatedOnToolsVersion = 26.2;
					};
					77E9A41C2F0FFEDB009E5B2F = {
						CreatedOnToolsVersion = 26.2;
						TestTargetID = 77E9A40F2F0FFED9009E5B2F;
					};
					77E9A4262F0FFEDB009E5B2F = {
						CreatedOnToolsVersion = 26.2;
						TestTargetID = 77E9A40F2F0FFED9009E5B2F;
					};
				};
			};
			buildConfigurationList = 77E9A40B2F0FFED9009E5B2F /* Build configuration list for PBXProject "Auri's Journey" */;
			developmentRegion = en;
			hasScannedForEncodings = 0;
			knownRegions = (
				en,
				Base,
			);
			mainGroup = 77E9A4072F0FFED9009E5B2F;
			minimizedProjectReferenceProxies = 1;
			preferredProjectObjectVersion = 77;
			productRefGroup = 77E9A4112F0FFED9009E5B2F /* Products */;
			projectDirPath = "";
			projectRoot = "";
			targets = (
				77E9A40F2F0FFED9009E5B2F /* Auri's Journey */,
				77E9A41C2F0FFEDB009E5B2F /* Auri's JourneyTests */,
				77E9A4262F0FFEDB009E5B2F /* Auri's JourneyUITests */,
			);
		};
/* End PBXProject section */

/* Begin PBXResourcesBuildPhase section */
		77E9A40E2F0FFED9009E5B2F /* Resources */ = {
			isa = PBXResourcesBuildPhase;
			buildActionMask = 2147483647;
			files = (
			);
			runOnlyForDeploymentPostprocessing = 0;
		};
		77E9A41B2F0FFEDB009E5B2F /* Resources */ = {
			isa = PBXResourcesBuildPhase;
			buildActionMask = 2147483647;
			files = (
			);
			runOnlyForDeploymentPostprocessing = 0;
		};
		77E9A4252F0FFEDB009E5B2F /* Resources */ = {
			isa = PBXResourcesBuildPhase;
			buildActionMask = 2147483647;
			files = (
			);
			runOnlyForDeploymentPostprocessing = 0;
		};
/* End PBXResourcesBuildPhase section */

/* Begin PBXSourcesBuildPhase section */
		77E9A40C2F0FFED9009E5B2F /* Sources */ = {
			isa = PBXSourcesBuildPhase;
			buildActionMask = 2147483647;
			files = (
			);
			runOnlyForDeploymentPostprocessing = 0;
		};
		77E9A4192F0FFEDB009E5B2F /* Sources */ = {
			isa = PBXSourcesBuildPhase;
			buildActionMask = 2147483647;
			files = (
			);
			runOnlyForDeploymentPostprocessing = 0;
		};
		77E9A4232F0FFEDB009E5B2F /* Sources */ = {
			isa = PBXSourcesBuildPhase;
			buildActionMask = 2147483647;
			files = (
			);
			runOnlyForDeploymentPostprocessing = 0;
		};
/* End PBXSourcesBuildPhase section */

/* Begin PBXTargetDependency section */
		77E9A41F2F0FFEDB009E5B2F /* PBXTargetDependency */ = {
			isa = PBXTargetDependency;
			target = 77E9A40F2F0FFED9009E5B2F /* Auri's Journey */;
			targetProxy = 77E9A41E2F0FFEDB009E5B2F /* PBXContainerItemProxy */;
		};
		77E9A4292F0FFEDB009E5B2F /* PBXTargetDependency */ = {
			isa = PBXTargetDependency;
			target = 77E9A40F2F0FFED9009E5B2F /* Auri's Journey */;
			targetProxy = 77E9A4282F0FFEDB009E5B2F /* PBXContainerItemProxy */;
		};
/* End PBXTargetDependency section */

/* Begin XCBuildConfiguration section */
		77E9A42F2F0FFEDB009E5B2F /* Debug */ = {
			isa = XCBuildConfiguration;
			buildSettings = {
				ALWAYS_SEARCH_USER_PATHS = NO;
				ASSETCATALOG_COMPILER_GENERATE_SWIFT_ASSET_SYMBOL_EXTENSIONS = YES;
				CLANG_ANALYZER_NONNULL = YES;
				CLANG_ANALYZER_NUMBER_OBJECT_CONVERSION = YES_AGGRESSIVE;
				CLANG_CXX_LANGUAGE_STANDARD = "gnu++20";
				CLANG_ENABLE_MODULES = YES;
				CLANG_ENABLE_OBJC_ARC = YES;
				CLANG_ENABLE_OBJC_WEAK = YES;
				CLANG_WARN_BLOCK_CAPTURE_AUTORELEASING = YES;
				CLANG_WARN_BOOL_CONVERSION = YES;
				CLANG_WARN_COMMA = YES;
				CLANG_WARN_CONSTANT_CONVERSION = YES;
				CLANG_WARN_DEPRECATED_OBJC_IMPLEMENTATIONS = YES;
				CLANG_WARN_DIRECT_OBJC_ISA_USAGE = YES_ERROR;
				CLANG_WARN_DOCUMENTATION_COMMENTS = YES;
				CLANG_WARN_EMPTY_BODY = YES;
				CLANG_WARN_ENUM_CONVERSION = YES;
				CLANG_WARN_INFINITE_RECURSION = YES;
				CLANG_WARN_INT_CONVERSION = YES;
				CLANG_WARN_NON_LITERAL_NULL_CONVERSION = YES;
				CLANG_WARN_OBJC_IMPLICIT_RETAIN_SELF = YES;
				CLANG_WARN_OBJC_LITERAL_CONVERSION = YES;
				CLANG_WARN_OBJC_ROOT_CLASS = YES_ERROR;
				CLANG_WARN_QUOTED_INCLUDE_IN_FRAMEWORK_HEADER = YES;
				CLANG_WARN_RANGE_LOOP_ANALYSIS = YES;
				CLANG_WARN_STRICT_PROTOTYPES = YES;
				CLANG_WARN_SUSPICIOUS_MOVE = YES;
				CLANG_WARN_UNGUARDED_AVAILABILITY = YES_AGGRESSIVE;
				CLANG_WARN_UNREACHABLE_CODE = YES;
				CLANG_WARN__DUPLICATE_METHOD_MATCH = YES;
				COPY_PHASE_STRIP = NO;
				DEBUG_INFORMATION_FORMAT = dwarf;
				ENABLE_STRICT_OBJC_MSGSEND = YES;
				ENABLE_TESTABILITY = YES;
				ENABLE_USER_SCRIPT_SANDBOXING = YES;
				GCC_C_LANGUAGE_STANDARD = gnu17;
				GCC_DYNAMIC_NO_PIC = NO;
				GCC_NO_COMMON_BLOCKS = YES;
				GCC_OPTIMIZATION_LEVEL = 0;
				GCC_PREPROCESSOR_DEFINITIONS = (
					"DEBUG=1",
					"$(inherited)",
				);
				GCC_WARN_64_TO_32_BIT_CONVERSION = YES;
				GCC_WARN_ABOUT_RETURN_TYPE = YES_ERROR;
				GCC_WARN_UNDECLARED_SELECTOR = YES;
				GCC_WARN_UNINITIALIZED_AUTOS = YES_AGGRESSIVE;
				GCC_WARN_UNUSED_FUNCTION = YES;
				GCC_WARN_UNUSED_VARIABLE = YES;
				IPHONEOS_DEPLOYMENT_TARGET = 26.2;
				LOCALIZATION_PREFERS_STRING_CATALOGS = YES;
				MTL_ENABLE_DEBUG_INFO = INCLUDE_SOURCE;
				MTL_FAST_MATH = YES;
				ONLY_ACTIVE_ARCH = YES;
				SDKROOT = iphoneos;
				SWIFT_ACTIVE_COMPILATION_CONDITIONS = "DEBUG $(inherited)";
				SWIFT_OPTIMIZATION_LEVEL = "-Onone";
			};
			name = Debug;
		};
		77E9A4302F0FFEDB009E5B2F /* Release */ = {
			isa = XCBuildConfiguration;
			buildSettings = {
				ALWAYS_SEARCH_USER_PATHS = NO;
				ASSETCATALOG_COMPILER_GENERATE_SWIFT_ASSET_SYMBOL_EXTENSIONS = YES;
				CLANG_ANALYZER_NONNULL = YES;
				CLANG_ANALYZER_NUMBER_OBJECT_CONVERSION = YES_AGGRESSIVE;
				CLANG_CXX_LANGUAGE_STANDARD = "gnu++20";
				CLANG_ENABLE_MODULES = YES;
				CLANG_ENABLE_OBJC_ARC = YES;
				CLANG_ENABLE_OBJC_WEAK = YES;
				CLANG_WARN_BLOCK_CAPTURE_AUTORELEASING = YES;
				CLANG_WARN_BOOL_CONVERSION = YES;
				CLANG_WARN_COMMA = YES;
				CLANG_WARN_CONSTANT_CONVERSION = YES;
				CLANG_WARN_DEPRECATED_OBJC_IMPLEMENTATIONS = YES;
				CLANG_WARN_DIRECT_OBJC_ISA_USAGE = YES_ERROR;
				CLANG_WARN_DOCUMENTATION_COMMENTS = YES;
				CLANG_WARN_EMPTY_BODY = YES;
				CLANG_WARN_ENUM_CONVERSION = YES;
				CLANG_WARN_INFINITE_RECURSION = YES;
				CLANG_WARN_INT_CONVERSION = YES;
				CLANG_WARN_NON_LITERAL_NULL_CONVERSION = YES;
				CLANG_WARN_OBJC_IMPLICIT_RETAIN_SELF = YES;
				CLANG_WARN_OBJC_LITERAL_CONVERSION = YES;
				CLANG_WARN_OBJC_ROOT_CLASS = YES_ERROR;
				CLANG_WARN_QUOTED_INCLUDE_IN_FRAMEWORK_HEADER = YES;
				CLANG_WARN_RANGE_LOOP_ANALYSIS = YES;
				CLANG_WARN_STRICT_PROTOTYPES = YES;
				CLANG_WARN_SUSPICIOUS_MOVE = YES;
				CLANG_WARN_UNGUARDED_AVAILABILITY = YES_AGGRESSIVE;
				CLANG_WARN_UNREACHABLE_CODE = YES;
				CLANG_WARN__DUPLICATE_METHOD_MATCH = YES;
				COPY_PHASE_STRIP = NO;
				DEBUG_INFORMATION_FORMAT = "dwarf-with-dsym";
				ENABLE_NS_ASSERTIONS = NO;
				ENABLE_STRICT_OBJC_MSGSEND = YES;
				ENABLE_USER_SCRIPT_SANDBOXING = YES;
				GCC_C_LANGUAGE_STANDARD = gnu17;
				GCC_NO_COMMON_BLOCKS = YES;
				GCC_WARN_64_TO_32_BIT_CONVERSION = YES;
				GCC_WARN_ABOUT_RETURN_TYPE = YES_ERROR;
				GCC_WARN_UNDECLARED_SELECTOR = YES;
				GCC_WARN_UNINITIALIZED_AUTOS = YES_AGGRESSIVE;
				GCC_WARN_UNUSED_FUNCTION = YES;
				GCC_WARN_UNUSED_VARIABLE = YES;
				IPHONEOS_DEPLOYMENT_TARGET = 26.2;
				LOCALIZATION_PREFERS_STRING_CATALOGS = YES;
				MTL_ENABLE_DEBUG_INFO = NO;
				MTL_FAST_MATH = YES;
				SDKROOT = iphoneos;
				SWIFT_COMPILATION_MODE = wholemodule;
				VALIDATE_PRODUCT = YES;
			};
			name = Release;
		};
		77E9A4322F0FFEDB009E5B2F /* Debug */ = {
			isa = XCBuildConfiguration;
			buildSettings = {
				ASSETCATALOG_COMPILER_APPICON_NAME = AppIcon;
				ASSETCATALOG_COMPILER_GLOBAL_ACCENT_COLOR_NAME = AccentColor;
				CODE_SIGN_STYLE = Automatic;
				CURRENT_PROJECT_VERSION = 1;
				ENABLE_PREVIEWS = YES;
				GENERATE_INFOPLIST_FILE = YES;
				INFOPLIST_KEY_UIApplicationSceneManifest_Generation = YES;
				INFOPLIST_KEY_UIApplicationSupportsIndirectInputEvents = YES;
				INFOPLIST_KEY_UILaunchScreen_Generation = YES;
				INFOPLIST_KEY_UISupportedInterfaceOrientations_iPad = "UIInterfaceOrientationPortrait UIInterfaceOrientationPortraitUpsideDown UIInterfaceOrientationLandscapeLeft UIInterfaceOrientationLandscapeRight";
				INFOPLIST_KEY_UISupportedInterfaceOrientations_iPhone = "UIInterfaceOrientationPortrait UIInterfaceOrientationLandscapeLeft UIInterfaceOrientationLandscapeRight";
				LD_RUNPATH_SEARCH_PATHS = (
					"$(inherited)",
					"@executable_path/Frameworks",
				);
				MARKETING_VERSION = 1.0;
				PRODUCT_BUNDLE_IDENTIFIER = "com.Auri-s-Journey";
				PRODUCT_NAME = "$(TARGET_NAME)";
				STRING_CATALOG_GENERATE_SYMBOLS = YES;
				SWIFT_APPROACHABLE_CONCURRENCY = YES;
				SWIFT_DEFAULT_ACTOR_ISOLATION = MainActor;
				SWIFT_EMIT_LOC_STRINGS = YES;
				SWIFT_UPCOMING_FEATURE_MEMBER_IMPORT_VISIBILITY = YES;
				SWIFT_VERSION = 5.0;
				TARGETED_DEVICE_FAMILY = "1,2";
			};
			name = Debug;
		};
		77E9A4332F0FFEDB009E5B2F /* Release */ = {
			isa = XCBuildConfiguration;
			buildSettings = {
				ASSETCATALOG_COMPILER_APPICON_NAME = AppIcon;
				ASSETCATALOG_COMPILER_GLOBAL_ACCENT_COLOR_NAME = AccentColor;
				CODE_SIGN_STYLE = Automatic;
				CURRENT_PROJECT_VERSION = 1;
				ENABLE_PREVIEWS = YES;
				GENERATE_INFOPLIST_FILE = YES;
				INFOPLIST_KEY_UIApplicationSceneManifest_Generation = YES;
				INFOPLIST_KEY_UIApplicationSupportsIndirectInputEvents = YES;
				INFOPLIST_KEY_UILaunchScreen_Generation = YES;
				INFOPLIST_KEY_UISupportedInterfaceOrientations_iPad = "UIInterfaceOrientationPortrait UIInterfaceOrientationPortraitUpsideDown UIInterfaceOrientationLandscapeLeft UIInterfaceOrientationLandscapeRight";
				INFOPLIST_KEY_UISupportedInterfaceOrientations_iPhone = "UIInterfaceOrientationPortrait UIInterfaceOrientationLandscapeLeft UIInterfaceOrientationLandscapeRight";
				LD_RUNPATH_SEARCH_PATHS = (
					"$(inherited)",
					"@executable_path/Frameworks",
				);
				MARKETING_VERSION = 1.0;
				PRODUCT_BUNDLE_IDENTIFIER = "com.Auri-s-Journey";
				PRODUCT_NAME = "$(TARGET_NAME)";
				STRING_CATALOG_GENERATE_SYMBOLS = YES;
				SWIFT_APPROACHABLE_CONCURRENCY = YES;
				SWIFT_DEFAULT_ACTOR_ISOLATION = MainActor;
				SWIFT_EMIT_LOC_STRINGS = YES;
				SWIFT_UPCOMING_FEATURE_MEMBER_IMPORT_VISIBILITY = YES;
				SWIFT_VERSION = 5.0;
				TARGETED_DEVICE_FAMILY = "1,2";
			};
			name = Release;
		};
		77E9A4352F0FFEDB009E5B2F /* Debug */ = {
			isa = XCBuildConfiguration;
			buildSettings = {
				BUNDLE_LOADER = "$(TEST_HOST)";
				CODE_SIGN_STYLE = Automatic;
				CURRENT_PROJECT_VERSION = 1;
				GENERATE_INFOPLIST_FILE = YES;
				IPHONEOS_DEPLOYMENT_TARGET = 26.2;
				MARKETING_VERSION = 1.0;
				PRODUCT_BUNDLE_IDENTIFIER = "com.Auri-s-JourneyTests";
				PRODUCT_NAME = "$(TARGET_NAME)";
				STRING_CATALOG_GENERATE_SYMBOLS = NO;
				SWIFT_APPROACHABLE_CONCURRENCY = YES;
				SWIFT_EMIT_LOC_STRINGS = NO;
				SWIFT_UPCOMING_FEATURE_MEMBER_IMPORT_VISIBILITY = YES;
				SWIFT_VERSION = 5.0;
				TARGETED_DEVICE_FAMILY = "1,2";
				TEST_HOST = "$(BUILT_PRODUCTS_DIR)/Auri's Journey.app/$(BUNDLE_EXECUTABLE_FOLDER_PATH)/Auri's Journey";
			};
			name = Debug;
		};
		77E9A4362F0FFEDB009E5B2F /* Release */ = {
			isa = XCBuildConfiguration;
			buildSettings = {
				BUNDLE_LOADER = "$(TEST_HOST)";
				CODE_SIGN_STYLE = Automatic;
				CURRENT_PROJECT_VERSION = 1;
				GENERATE_INFOPLIST_FILE = YES;
				IPHONEOS_DEPLOYMENT_TARGET = 26.2;
				MARKETING_VERSION = 1.0;
				PRODUCT_BUNDLE_IDENTIFIER = "com.Auri-s-JourneyTests";
				PRODUCT_NAME = "$(TARGET_NAME)";
				STRING_CATALOG_GENERATE_SYMBOLS = NO;
				SWIFT_APPROACHABLE_CONCURRENCY = YES;
				SWIFT_EMIT_LOC_STRINGS = NO;
				SWIFT_UPCOMING_FEATURE_MEMBER_IMPORT_VISIBILITY = YES;
				SWIFT_VERSION = 5.0;
				TARGETED_DEVICE_FAMILY = "1,2";
				TEST_HOST = "$(BUILT_PRODUCTS_DIR)/Auri's Journey.app/$(BUNDLE_EXECUTABLE_FOLDER_PATH)/Auri's Journey";
			};
			name = Release;
		};
		77E9A4382F0FFEDB009E5B2F /* Debug */ = {
			isa = XCBuildConfiguration;
			buildSettings = {
				CODE_SIGN_STYLE = Automatic;
				CURRENT_PROJECT_VERSION = 1;
				GENERATE_INFOPLIST_FILE = YES;
				MARKETING_VERSION = 1.0;
				PRODUCT_BUNDLE_IDENTIFIER = "com.Auri-s-JourneyUITests";
				PRODUCT_NAME = "$(TARGET_NAME)";
				STRING_CATALOG_GENERATE_SYMBOLS = NO;
				SWIFT_APPROACHABLE_CONCURRENCY = YES;
				SWIFT_EMIT_LOC_STRINGS = NO;
				SWIFT_UPCOMING_FEATURE_MEMBER_IMPORT_VISIBILITY = YES;
				SWIFT_VERSION = 5.0;
				TARGETED_DEVICE_FAMILY = "1,2";
				TEST_TARGET_NAME = "Auri's Journey";
			};
			name = Debug;
		};
		77E9A4392F0FFEDB009E5B2F /* Release */ = {
			isa = XCBuildConfiguration;
			buildSettings = {
				CODE_SIGN_STYLE = Automatic;
				CURRENT_PROJECT_VERSION = 1;
				GENERATE_INFOPLIST_FILE = YES;
				MARKETING_VERSION = 1.0;
				PRODUCT_BUNDLE_IDENTIFIER = "com.Auri-s-JourneyUITests";
				PRODUCT_NAME = "$(TARGET_NAME)";
				STRING_CATALOG_GENERATE_SYMBOLS = NO;
				SWIFT_APPROACHABLE_CONCURRENCY = YES;
				SWIFT_EMIT_LOC_STRINGS = NO;
				SWIFT_UPCOMING_FEATURE_MEMBER_IMPORT_VISIBILITY = YES;
				SWIFT_VERSION = 5.0;
				TARGETED_DEVICE_FAMILY = "1,2";
				TEST_TARGET_NAME = "Auri's Journey";
			};
			name = Release;
		};
/* End XCBuildConfiguration section */

/* Begin XCConfigurationList section */
		77E9A40B2F0FFED9009E5B2F /* Build configuration list for PBXProject "Auri's Journey" */ = {
			isa = XCConfigurationList;
			buildConfigurations = (
				77E9A42F2F0FFEDB009E5B2F /* Debug */,
				77E9A4302F0FFEDB009E5B2F /* Release */,
			);
			defaultConfigurationIsVisible = 0;
			defaultConfigurationName = Release;
		};
		77E9A4312F0FFEDB009E5B2F /* Build configuration list for PBXNativeTarget "Auri's Journey" */ = {
			isa = XCConfigurationList;
			buildConfigurations = (
				77E9A4322F0FFEDB009E5B2F /* Debug */,
				77E9A4332F0FFEDB009E5B2F /* Release */,
			);
			defaultConfigurationIsVisible = 0;
			defaultConfigurationName = Release;
		};
		77E9A4342F0FFEDB009E5B2F /* Build configuration list for PBXNativeTarget "Auri's JourneyTests" */ = {
			isa = XCConfigurationList;
			buildConfigurations = (
				77E9A4352F0FFEDB009E5B2F /* Debug */,
				77E9A4362F0FFEDB009E5B2F /* Release */,
			);
			defaultConfigurationIsVisible = 0;
			defaultConfigurationName = Release;
		};
		77E9A4372F0FFEDB009E5B2F /* Build configuration list for PBXNativeTarget "Auri's JourneyUITests" */ = {
			isa = XCConfigurationList;
			buildConfigurations = (
				77E9A4382F0FFEDB009E5B2F /* Debug */,
				77E9A4392F0FFEDB009E5B2F /* Release */,
			);
			defaultConfigurationIsVisible = 0;
			defaultConfigurationName = Release;
		};
/* End XCConfigurationList section */
	};
	rootObject = 77E9A4082F0FFED9009E5B2F /* Project object */;
}
